
Microsoft Visual Studio Solution File, Format Version 12.00
# Visual Studio 2012
Project("{8BC9CEB8-8B4A-11D0-8D11-00A0C91BC942}") = "symb_lib", "symb_lib\symb_lib.vcxproj", "{AFC50281-924B-4B80-B8BA-7E7B447BF83D}"
EndProject
Global
	GlobalSection(SolutionConfigurationPlatforms) = preSolution
		Debug|Win32 = Debug|Win32
		Release|Win32 = Release|Win32
	EndGlobalSection
	GlobalSection(ProjectConfigurationPlatforms) = postSolution
		{AFC50281-924B-4B80-B8BA-7E7B447BF83D}.Debug|Win32.ActiveCfg = Debug|Win32
		{AFC50281-924B-4B80-B8BA-7E7B447BF83D}.Debug|Win32.Build.0 = Debug|Win32
		{AFC50281-924B-4B80-B8BA-7E7B447BF83D}.Release|Win32.ActiveCfg = Release|Win32
		{AFC50281-924B-4B80-B8BA-7E7B447BF83D}.Release|Win32.Build.0 = Release|Win32
	EndGlobalSection
	GlobalSection(SolutionProperties) = preSolution
		HideSolutionNode = FALSE
	EndGlobalSection
EndGlobal
