<?xml version="1.0" encoding="utf-8"?>
<Project ToolsVersion="4.0" xmlns="http://schemas.microsoft.com/developer/msbuild/2003">
  <ItemGroup>
    <ClInclude Include="project_src\Types.h" />
    <ClInclude Include="project_src\node\Const.h">
      <Filter>node\Impl</Filter>
    </ClInclude>
    <ClInclude Include="project_src\node\BinaryExpressionBase.h">
      <Filter>node\Base</Filter>
    </ClInclude>
    <ClInclude Include="project_src\node\UnaryExpressionBase.h">
      <Filter>node\Base</Filter>
    </ClInclude>
    <ClInclude Include="project_src\node\IBinaryExpression.h">
      <Filter>node\interface</Filter>
    </ClInclude>
    <ClInclude Include="project_src\node\IExpression.h">
      <Filter>node\interface</Filter>
    </ClInclude>
    <ClInclude Include="project_src\node\IUnaryExpression.h">
      <Filter>node\interface</Filter>
    </ClInclude>
    <ClInclude Include="project_src\node\Summ.h">
      <Filter>node\Impl</Filter>
    </ClInclude>
    <ClInclude Include="project_src\node\Prod.h">
      <Filter>node\Impl</Filter>
    </ClInclude>
    <ClInclude Include="project_src\node\Diff.h">
      <Filter>node\Impl</Filter>
    </ClInclude>
    <ClInclude Include="project_src\node\Div.h">
      <Filter>node\Impl</Filter>
    </ClInclude>
    <ClInclude Include="project_src\processor\ExpressionProcessor.h">
      <Filter>processor</Filter>
    </ClInclude>
    <ClInclude Include="project_src\manager\FunctionManager.h">
      <Filter>manager</Filter>
    </ClInclude>
  </ItemGroup>
  <ItemGroup>
    <Filter Include="node">
      <UniqueIdentifier>{b78e5f3c-765b-4737-8564-5d1679326123}</UniqueIdentifier>
    </Filter>
    <Filter Include="node\interface">
      <UniqueIdentifier>{df9915d9-075f-475f-a533-2cc4acc87fef}</UniqueIdentifier>
    </Filter>
    <Filter Include="node\Base">
      <UniqueIdentifier>{91f1f6da-31cd-4261-bc21-942893dcaa8a}</UniqueIdentifier>
    </Filter>
    <Filter Include="node\Impl">
      <UniqueIdentifier>{4d5bac19-702c-48b9-bd25-5f20c99376a9}</UniqueIdentifier>
    </Filter>
    <Filter Include="processor">
      <UniqueIdentifier>{95983b8e-64b8-48ed-97fa-0892bd67563e}</UniqueIdentifier>
    </Filter>
    <Filter Include="manager">
      <UniqueIdentifier>{d72573f7-1dcc-4483-94ec-1a942921a333}</UniqueIdentifier>
    </Filter>
  </ItemGroup>
  <ItemGroup>
    <ClCompile Include="project_src\node\Const.cpp">
      <Filter>node\Impl</Filter>
    </ClCompile>
    <ClCompile Include="project_src\node\BinaryExpressionBase.cpp">
      <Filter>node\Base</Filter>
    </ClCompile>
    <ClCompile Include="project_src\node\UnaryExpressionBase.cpp">
      <Filter>node\Base</Filter>
    </ClCompile>
    <ClCompile Include="project_src\node\Summ.cpp">
      <Filter>node\Impl</Filter>
    </ClCompile>
    <ClCompile Include="project_src\node\Prod.cpp">
      <Filter>node\Impl</Filter>
    </ClCompile>
    <ClCompile Include="project_src\node\Diff.cpp">
      <Filter>node\Impl</Filter>
    </ClCompile>
    <ClCompile Include="project_src\node\Div.cpp">
      <Filter>node\Impl</Filter>
    </ClCompile>
  </ItemGroup>
</Project>